
Microsoft Visual Studio Solution File, Format Version 12.00
# Visual Studio 15
VisualStudioVersion = 15.0.27130.2010
MinimumVisualStudioVersion = 10.0.40219.1
Project("{FAE04EC0-301F-11D3-BF4B-00C04F79EFBC}") = "SyncUpdate", "SyncUpdate\SyncUpdate.csproj", "{1F57DFAD-E338-42DF-AB8B-75E60AFFEB43}"
EndProject
Global
	GlobalSection(SolutionConfigurationPlatforms) = preSolution
		Debug|Any CPU = Debug|Any CPU
		Release|Any CPU = Release|Any CPU
	EndGlobalSection
	GlobalSection(ProjectConfigurationPlatforms) = postSolution
		{1F57DFAD-E338-42DF-AB8B-75E60AFFEB43}.Debug|Any CPU.ActiveCfg = Debug|Any CPU
		{1F57DFAD-E338-42DF-AB8B-75E60AFFEB43}.Debug|Any CPU.Build.0 = Debug|Any CPU
		{1F57DFAD-E338-42DF-AB8B-75E60AFFEB43}.Release|Any CPU.ActiveCfg = Release|Any CPU
		{1F57DFAD-E338-42DF-AB8B-75E60AFFEB43}.Release|Any CPU.Build.0 = Release|Any CPU
	EndGlobalSection
	GlobalSection(SolutionProperties) = preSolution
		HideSolutionNode = FALSE
	EndGlobalSection
	GlobalSection(ExtensibilityGlobals) = postSolution
		SolutionGuid = {3051CF46-2209-486C-91F2-9130794B311E}
	EndGlobalSection
EndGlobal
